// !$*UTF8*$!
{
	archiveVersion = 1;
	classes = {
	};
	objectVersion = 56;
	objects = {

/* Begin PBXBuildFile section */
		E61CE0BF29A4045300F4C570 /* String+Extension.swift in Sources */ = {isa = PBXBuildFile; fileRef = E61CE0BE29A4045300F4C570 /* String+Extension.swift */; };
		E66521A629A1377900742D8A /* AppDelegate.swift in Sources */ = {isa = PBXBuildFile; fileRef = E66521A529A1377900742D8A /* AppDelegate.swift */; };
		E66521A829A1377900742D8A /* SceneDelegate.swift in Sources */ = {isa = PBXBuildFile; fileRef = E66521A729A1377900742D8A /* SceneDelegate.swift */; };
		E66521AA29A1377900742D8A /* ViewController.swift in Sources */ = {isa = PBXBuildFile; fileRef = E66521A929A1377900742D8A /* ViewController.swift */; };
		E66521AD29A1377900742D8A /* Main.storyboard in Resources */ = {isa = PBXBuildFile; fileRef = E66521AB29A1377900742D8A /* Main.storyboard */; };
		E66521AF29A1377A00742D8A /* Assets.xcassets in Resources */ = {isa = PBXBuildFile; fileRef = E66521AE29A1377A00742D8A /* Assets.xcassets */; };
		E66521B229A1377A00742D8A /* LaunchScreen.storyboard in Resources */ = {isa = PBXBuildFile; fileRef = E66521B029A1377A00742D8A /* LaunchScreen.storyboard */; };
		E66521BE29A28CCB00742D8A /* WeatherService.swift in Sources */ = {isa = PBXBuildFile; fileRef = E66521BD29A28CCB00742D8A /* WeatherService.swift */; };
		E66521C029A2A65A00742D8A /* Viewmodel.swift in Sources */ = {isa = PBXBuildFile; fileRef = E66521BF29A2A65A00742D8A /* Viewmodel.swift */; };
		E6C096D929A34525001019CD /* CurrentWeather.swift in Sources */ = {isa = PBXBuildFile; fileRef = E6C096D829A34525001019CD /* CurrentWeather.swift */; };
		E6C096DB29A34534001019CD /* DailyWeather.swift in Sources */ = {isa = PBXBuildFile; fileRef = E6C096DA29A34534001019CD /* DailyWeather.swift */; };
		E6C096DE29A346FC001019CD /* UIView+Extension.swift in Sources */ = {isa = PBXBuildFile; fileRef = E6C096DD29A346FC001019CD /* UIView+Extension.swift */; };
		E6C8730A29A3641D005F44B3 /* UIImageView+Extension.swift in Sources */ = {isa = PBXBuildFile; fileRef = E6C8730929A3641D005F44B3 /* UIImageView+Extension.swift */; };
		E6C8730D29A3C665005F44B3 /* CurrentWeather.json in Resources */ = {isa = PBXBuildFile; fileRef = E6C8730B29A3C665005F44B3 /* CurrentWeather.json */; };
		E6C8730E29A3C665005F44B3 /* DailyWeather.json in Resources */ = {isa = PBXBuildFile; fileRef = E6C8730C29A3C665005F44B3 /* DailyWeather.json */; };
		E6C8731229A3D97D005F44B3 /* Double+Extension.swift in Sources */ = {isa = PBXBuildFile; fileRef = E6C8731129A3D97D005F44B3 /* Double+Extension.swift */; };
		E6C8731529A3DDD1005F44B3 /* Network.swift in Sources */ = {isa = PBXBuildFile; fileRef = E6C8731429A3DDD1005F44B3 /* Network.swift */; };
		E6C8731729A3E853005F44B3 /* DailyTableViewCell.swift in Sources */ = {isa = PBXBuildFile; fileRef = E6C8731629A3E853005F44B3 /* DailyTableViewCell.swift */; };
		E6C8731929A3ECD7005F44B3 /* HourlyCollectionViewCell.swift in Sources */ = {isa = PBXBuildFile; fileRef = E6C8731829A3ECD7005F44B3 /* HourlyCollectionViewCell.swift */; };
/* End PBXBuildFile section */

/* Begin PBXFileReference section */
		E61CE0BE29A4045300F4C570 /* String+Extension.swift */ = {isa = PBXFileReference; lastKnownFileType = sourcecode.swift; path = "String+Extension.swift"; sourceTree = "<group>"; };
		E66521A229A1377900742D8A /* MyWeather.app */ = {isa = PBXFileReference; explicitFileType = wrapper.application; includeInIndex = 0; path = MyWeather.app; sourceTree = BUILT_PRODUCTS_DIR; };
		E66521A529A1377900742D8A /* AppDelegate.swift */ = {isa = PBXFileReference; lastKnownFileType = sourcecode.swift; path = AppDelegate.swift; sourceTree = "<group>"; };
		E66521A729A1377900742D8A /* SceneDelegate.swift */ = {isa = PBXFileReference; lastKnownFileType = sourcecode.swift; path = SceneDelegate.swift; sourceTree = "<group>"; };
		E66521A929A1377900742D8A /* ViewController.swift */ = {isa = PBXFileReference; lastKnownFileType = sourcecode.swift; path = ViewController.swift; sourceTree = "<group>"; };
		E66521AC29A1377900742D8A /* Base */ = {isa = PBXFileReference; lastKnownFileType = file.storyboard; name = Base; path = Base.lproj/Main.storyboard; sourceTree = "<group>"; };
		E66521AE29A1377A00742D8A /* Assets.xcassets */ = {isa = PBXFileReference; lastKnownFileType = folder.assetcatalog; path = Assets.xcassets; sourceTree = "<group>"; };
		E66521B129A1377A00742D8A /* Base */ = {isa = PBXFileReference; lastKnownFileType = file.storyboard; name = Base; path = Base.lproj/LaunchScreen.storyboard; sourceTree = "<group>"; };
		E66521B329A1377A00742D8A /* Info.plist */ = {isa = PBXFileReference; lastKnownFileType = text.plist.xml; path = Info.plist; sourceTree = "<group>"; };
		E66521BD29A28CCB00742D8A /* WeatherService.swift */ = {isa = PBXFileReference; lastKnownFileType = sourcecode.swift; path = WeatherService.swift; sourceTree = "<group>"; };
		E66521BF29A2A65A00742D8A /* Viewmodel.swift */ = {isa = PBXFileReference; lastKnownFileType = sourcecode.swift; path = Viewmodel.swift; sourceTree = "<group>"; };
		E6C096D829A34525001019CD /* CurrentWeather.swift */ = {isa = PBXFileReference; lastKnownFileType = sourcecode.swift; path = CurrentWeather.swift; sourceTree = "<group>"; };
		E6C096DA29A34534001019CD /* DailyWeather.swift */ = {isa = PBXFileReference; lastKnownFileType = sourcecode.swift; path = DailyWeather.swift; sourceTree = "<group>"; };
		E6C096DD29A346FC001019CD /* UIView+Extension.swift */ = {isa = PBXFileReference; lastKnownFileType = sourcecode.swift; path = "UIView+Extension.swift"; sourceTree = "<group>"; };
		E6C8730929A3641D005F44B3 /* UIImageView+Extension.swift */ = {isa = PBXFileReference; lastKnownFileType = sourcecode.swift; path = "UIImageView+Extension.swift"; sourceTree = "<group>"; };
		E6C8730B29A3C665005F44B3 /* CurrentWeather.json */ = {isa = PBXFileReference; fileEncoding = 4; lastKnownFileType = text.json; path = CurrentWeather.json; sourceTree = "<group>"; };
		E6C8730C29A3C665005F44B3 /* DailyWeather.json */ = {isa = PBXFileReference; fileEncoding = 4; lastKnownFileType = text.json; path = DailyWeather.json; sourceTree = "<group>"; };
		E6C8731129A3D97D005F44B3 /* Double+Extension.swift */ = {isa = PBXFileReference; lastKnownFileType = sourcecode.swift; path = "Double+Extension.swift"; sourceTree = "<group>"; };
		E6C8731429A3DDD1005F44B3 /* Network.swift */ = {isa = PBXFileReference; lastKnownFileType = sourcecode.swift; path = Network.swift; sourceTree = "<group>"; };
		E6C8731629A3E853005F44B3 /* DailyTableViewCell.swift */ = {isa = PBXFileReference; lastKnownFileType = sourcecode.swift; path = DailyTableViewCell.swift; sourceTree = "<group>"; };
		E6C8731829A3ECD7005F44B3 /* HourlyCollectionViewCell.swift */ = {isa = PBXFileReference; lastKnownFileType = sourcecode.swift; path = HourlyCollectionViewCell.swift; sourceTree = "<group>"; };
/* End PBXFileReference section */

/* Begin PBXFrameworksBuildPhase section */
		E665219F29A1377900742D8A /* Frameworks */ = {
			isa = PBXFrameworksBuildPhase;
			buildActionMask = 2147483647;
			files = (
			);
			runOnlyForDeploymentPostprocessing = 0;
		};
/* End PBXFrameworksBuildPhase section */

/* Begin PBXGroup section */
		E61CE0C029A425B200F4C570 /* ViewControllers */ = {
			isa = PBXGroup;
			children = (
				E61CE0C229A425D800F4C570 /* Dashboard */,
			);
			path = ViewControllers;
			sourceTree = "<group>";
		};
		E61CE0C229A425D800F4C570 /* Dashboard */ = {
			isa = PBXGroup;
			children = (
				E6C096D429A32443001019CD /* Model */,
				E6C8731629A3E853005F44B3 /* DailyTableViewCell.swift */,
				E6C8731829A3ECD7005F44B3 /* HourlyCollectionViewCell.swift */,
				E66521A929A1377900742D8A /* ViewController.swift */,
				E66521BF29A2A65A00742D8A /* Viewmodel.swift */,
			);
			path = Dashboard;
			sourceTree = "<group>";
		};
		E665219929A1377900742D8A = {
			isa = PBXGroup;
			children = (
				E66521A429A1377900742D8A /* MyWeather */,
				E66521A329A1377900742D8A /* Products */,
			);
			sourceTree = "<group>";
		};
		E66521A329A1377900742D8A /* Products */ = {
			isa = PBXGroup;
			children = (
				E66521A229A1377900742D8A /* MyWeather.app */,
			);
			name = Products;
			sourceTree = "<group>";
		};
		E66521A429A1377900742D8A /* MyWeather */ = {
			isa = PBXGroup;
			children = (
				E6C8730B29A3C665005F44B3 /* CurrentWeather.json */,
				E6C8730C29A3C665005F44B3 /* DailyWeather.json */,
				E66521A529A1377900742D8A /* AppDelegate.swift */,
				E66521A729A1377900742D8A /* SceneDelegate.swift */,
				E61CE0C029A425B200F4C570 /* ViewControllers */,
				E6C096DC29A346E7001019CD /* Extensions */,
				E66521BC29A28CB600742D8A /* Services */,
				E6C8731329A3DDBA005F44B3 /* Utility */,
				E66521AB29A1377900742D8A /* Main.storyboard */,
				E66521AE29A1377A00742D8A /* Assets.xcassets */,
				E66521B029A1377A00742D8A /* LaunchScreen.storyboard */,
				E66521B329A1377A00742D8A /* Info.plist */,
			);
			path = MyWeather;
			sourceTree = "<group>";
		};
		E66521BC29A28CB600742D8A /* Services */ = {
			isa = PBXGroup;
			children = (
				E66521BD29A28CCB00742D8A /* WeatherService.swift */,
			);
			path = Services;
			sourceTree = "<group>";
		};
		E6C096D429A32443001019CD /* Model */ = {
			isa = PBXGroup;
			children = (
				E6C096D829A34525001019CD /* CurrentWeather.swift */,
				E6C096DA29A34534001019CD /* DailyWeather.swift */,
			);
			path = Model;
			sourceTree = "<group>";
		};
		E6C096DC29A346E7001019CD /* Extensions */ = {
			isa = PBXGroup;
			children = (
				E6C096DD29A346FC001019CD /* UIView+Extension.swift */,
				E6C8730929A3641D005F44B3 /* UIImageView+Extension.swift */,
				E6C8731129A3D97D005F44B3 /* Double+Extension.swift */,
				E61CE0BE29A4045300F4C570 /* String+Extension.swift */,
			);
			path = Extensions;
			sourceTree = "<group>";
		};
		E6C8731329A3DDBA005F44B3 /* Utility */ = {
			isa = PBXGroup;
			children = (
				E6C8731429A3DDD1005F44B3 /* Network.swift */,
			);
			path = Utility;
			sourceTree = "<group>";
		};
/* End PBXGroup section */

/* Begin PBXNativeTarget section */
		E66521A129A1377900742D8A /* MyWeather */ = {
			isa = PBXNativeTarget;
			buildConfigurationList = E66521B629A1377A00742D8A /* Build configuration list for PBXNativeTarget "MyWeather" */;
			buildPhases = (
				E665219E29A1377900742D8A /* Sources */,
				E665219F29A1377900742D8A /* Frameworks */,
				E66521A029A1377900742D8A /* Resources */,
			);
			buildRules = (
			);
			dependencies = (
			);
			name = MyWeather;
			productName = MyWeather;
			productReference = E66521A229A1377900742D8A /* MyWeather.app */;
			productType = "com.apple.product-type.application";
		};
/* End PBXNativeTarget section */

/* Begin PBXProject section */
		E665219A29A1377900742D8A /* Project object */ = {
			isa = PBXProject;
			attributes = {
				BuildIndependentTargetsInParallel = 1;
				LastSwiftUpdateCheck = 1420;
				LastUpgradeCheck = 1420;
				TargetAttributes = {
					E66521A129A1377900742D8A = {
						CreatedOnToolsVersion = 14.2;
					};
				};
			};
			buildConfigurationList = E665219D29A1377900742D8A /* Build configuration list for PBXProject "MyWeather" */;
			compatibilityVersion = "Xcode 14.0";
			developmentRegion = en;
			hasScannedForEncodings = 0;
			knownRegions = (
				en,
				Base,
			);
			mainGroup = E665219929A1377900742D8A;
			productRefGroup = E66521A329A1377900742D8A /* Products */;
			projectDirPath = "";
			projectRoot = "";
			targets = (
				E66521A129A1377900742D8A /* MyWeather */,
			);
		};
/* End PBXProject section */

/* Begin PBXResourcesBuildPhase section */
		E66521A029A1377900742D8A /* Resources */ = {
			isa = PBXResourcesBuildPhase;
			buildActionMask = 2147483647;
			files = (
				E6C8730E29A3C665005F44B3 /* DailyWeather.json in Resources */,
				E66521B229A1377A00742D8A /* LaunchScreen.storyboard in Resources */,
				E66521AF29A1377A00742D8A /* Assets.xcassets in Resources */,
				E6C8730D29A3C665005F44B3 /* CurrentWeather.json in Resources */,
				E66521AD29A1377900742D8A /* Main.storyboard in Resources */,
			);
			runOnlyForDeploymentPostprocessing = 0;
		};
/* End PBXResourcesBuildPhase section */

/* Begin PBXSourcesBuildPhase section */
		E665219E29A1377900742D8A /* Sources */ = {
			isa = PBXSourcesBuildPhase;
			buildActionMask = 2147483647;
			files = (
				E61CE0BF29A4045300F4C570 /* String+Extension.swift in Sources */,
				E6C8731529A3DDD1005F44B3 /* Network.swift in Sources */,
				E6C8731729A3E853005F44B3 /* DailyTableViewCell.swift in Sources */,
				E66521BE29A28CCB00742D8A /* WeatherService.swift in Sources */,
				E66521AA29A1377900742D8A /* ViewController.swift in Sources */,
				E6C8731229A3D97D005F44B3 /* Double+Extension.swift in Sources */,
				E66521A629A1377900742D8A /* AppDelegate.swift in Sources */,
				E6C096D929A34525001019CD /* CurrentWeather.swift in Sources */,
				E66521A829A1377900742D8A /* SceneDelegate.swift in Sources */,
				E66521C029A2A65A00742D8A /* Viewmodel.swift in Sources */,
				E6C8730A29A3641D005F44B3 /* UIImageView+Extension.swift in Sources */,
				E6C096DE29A346FC001019CD /* UIView+Extension.swift in Sources */,
				E6C096DB29A34534001019CD /* DailyWeather.swift in Sources */,
				E6C8731929A3ECD7005F44B3 /* HourlyCollectionViewCell.swift in Sources */,
			);
			runOnlyForDeploymentPostprocessing = 0;
		};
/* End PBXSourcesBuildPhase section */

/* Begin PBXVariantGroup section */
		E66521AB29A1377900742D8A /* Main.storyboard */ = {
			isa = PBXVariantGroup;
			children = (
				E66521AC29A1377900742D8A /* Base */,
			);
			name = Main.storyboard;
			sourceTree = "<group>";
		};
		E66521B029A1377A00742D8A /* LaunchScreen.storyboard */ = {
			isa = PBXVariantGroup;
			children = (
				E66521B129A1377A00742D8A /* Base */,
			);
			name = LaunchScreen.storyboard;
			sourceTree = "<group>";
		};
/* End PBXVariantGroup section */

/* Begin XCBuildConfiguration section */
		E66521B429A1377A00742D8A /* Debug */ = {
			isa = XCBuildConfiguration;
			buildSettings = {
				ALWAYS_SEARCH_USER_PATHS = NO;
				CLANG_ANALYZER_NONNULL = YES;
				CLANG_ANALYZER_NUMBER_OBJECT_CONVERSION = YES_AGGRESSIVE;
				CLANG_CXX_LANGUAGE_STANDARD = "gnu++20";
				CLANG_ENABLE_MODULES = YES;
				CLANG_ENABLE_OBJC_ARC = YES;
				CLANG_ENABLE_OBJC_WEAK = YES;
				CLANG_WARN_BLOCK_CAPTURE_AUTORELEASING = YES;
				CLANG_WARN_BOOL_CONVERSION = YES;
				CLANG_WARN_COMMA = YES;
				CLANG_WARN_CONSTANT_CONVERSION = YES;
				CLANG_WARN_DEPRECATED_OBJC_IMPLEMENTATIONS = YES;
				CLANG_WARN_DIRECT_OBJC_ISA_USAGE = YES_ERROR;
				CLANG_WARN_DOCUMENTATION_COMMENTS = YES;
				CLANG_WARN_EMPTY_BODY = YES;
				CLANG_WARN_ENUM_CONVERSION = YES;
				CLANG_WARN_INFINITE_RECURSION = YES;
				CLANG_WARN_INT_CONVERSION = YES;
				CLANG_WARN_NON_LITERAL_NULL_CONVERSION = YES;
				CLANG_WARN_OBJC_IMPLICIT_RETAIN_SELF = YES;
				CLANG_WARN_OBJC_LITERAL_CONVERSION = YES;
				CLANG_WARN_OBJC_ROOT_CLASS = YES_ERROR;
				CLANG_WARN_QUOTED_INCLUDE_IN_FRAMEWORK_HEADER = YES;
				CLANG_WARN_RANGE_LOOP_ANALYSIS = YES;
				CLANG_WARN_STRICT_PROTOTYPES = YES;
				CLANG_WARN_SUSPICIOUS_MOVE = YES;
				CLANG_WARN_UNGUARDED_AVAILABILITY = YES_AGGRESSIVE;
				CLANG_WARN_UNREACHABLE_CODE = YES;
				CLANG_WARN__DUPLICATE_METHOD_MATCH = YES;
				COPY_PHASE_STRIP = NO;
				DEBUG_INFORMATION_FORMAT = dwarf;
				ENABLE_STRICT_OBJC_MSGSEND = YES;
				ENABLE_TESTABILITY = YES;
				GCC_C_LANGUAGE_STANDARD = gnu11;
				GCC_DYNAMIC_NO_PIC = NO;
				GCC_NO_COMMON_BLOCKS = YES;
				GCC_OPTIMIZATION_LEVEL = 0;
				GCC_PREPROCESSOR_DEFINITIONS = (
					"DEBUG=1",
					"$(inherited)",
				);
				GCC_WARN_64_TO_32_BIT_CONVERSION = YES;
				GCC_WARN_ABOUT_RETURN_TYPE = YES_ERROR;
				GCC_WARN_UNDECLARED_SELECTOR = YES;
				GCC_WARN_UNINITIALIZED_AUTOS = YES_AGGRESSIVE;
				GCC_WARN_UNUSED_FUNCTION = YES;
				GCC_WARN_UNUSED_VARIABLE = YES;
				IPHONEOS_DEPLOYMENT_TARGET = 16.2;
				MTL_ENABLE_DEBUG_INFO = INCLUDE_SOURCE;
				MTL_FAST_MATH = YES;
				ONLY_ACTIVE_ARCH = YES;
				SDKROOT = iphoneos;
				SWIFT_ACTIVE_COMPILATION_CONDITIONS = DEBUG;
				SWIFT_OPTIMIZATION_LEVEL = "-Onone";
			};
			name = Debug;
		};
		E66521B529A1377A00742D8A /* Release */ = {
			isa = XCBuildConfiguration;
			buildSettings = {
				ALWAYS_SEARCH_USER_PATHS = NO;
				CLANG_ANALYZER_NONNULL = YES;
				CLANG_ANALYZER_NUMBER_OBJECT_CONVERSION = YES_AGGRESSIVE;
				CLANG_CXX_LANGUAGE_STANDARD = "gnu++20";
				CLANG_ENABLE_MODULES = YES;
				CLANG_ENABLE_OBJC_ARC = YES;
				CLANG_ENABLE_OBJC_WEAK = YES;
				CLANG_WARN_BLOCK_CAPTURE_AUTORELEASING = YES;
				CLANG_WARN_BOOL_CONVERSION = YES;
				CLANG_WARN_COMMA = YES;
				CLANG_WARN_CONSTANT_CONVERSION = YES;
				CLANG_WARN_DEPRECATED_OBJC_IMPLEMENTATIONS = YES;
				CLANG_WARN_DIRECT_OBJC_ISA_USAGE = YES_ERROR;
				CLANG_WARN_DOCUMENTATION_COMMENTS = YES;
				CLANG_WARN_EMPTY_BODY = YES;
				CLANG_WARN_ENUM_CONVERSION = YES;
				CLANG_WARN_INFINITE_RECURSION = YES;
				CLANG_WARN_INT_CONVERSION = YES;
				CLANG_WARN_NON_LITERAL_NULL_CONVERSION = YES;
				CLANG_WARN_OBJC_IMPLICIT_RETAIN_SELF = YES;
				CLANG_WARN_OBJC_LITERAL_CONVERSION = YES;
				CLANG_WARN_OBJC_ROOT_CLASS = YES_ERROR;
				CLANG_WARN_QUOTED_INCLUDE_IN_FRAMEWORK_HEADER = YES;
				CLANG_WARN_RANGE_LOOP_ANALYSIS = YES;
				CLANG_WARN_STRICT_PROTOTYPES = YES;
				CLANG_WARN_SUSPICIOUS_MOVE = YES;
				CLANG_WARN_UNGUARDED_AVAILABILITY = YES_AGGRESSIVE;
				CLANG_WARN_UNREACHABLE_CODE = YES;
				CLANG_WARN__DUPLICATE_METHOD_MATCH = YES;
				COPY_PHASE_STRIP = NO;
				DEBUG_INFORMATION_FORMAT = "dwarf-with-dsym";
				ENABLE_NS_ASSERTIONS = NO;
				ENABLE_STRICT_OBJC_MSGSEND = YES;
				GCC_C_LANGUAGE_STANDARD = gnu11;
				GCC_NO_COMMON_BLOCKS = YES;
				GCC_WARN_64_TO_32_BIT_CONVERSION = YES;
				GCC_WARN_ABOUT_RETURN_TYPE = YES_ERROR;
				GCC_WARN_UNDECLARED_SELECTOR = YES;
				GCC_WARN_UNINITIALIZED_AUTOS = YES_AGGRESSIVE;
				GCC_WARN_UNUSED_FUNCTION = YES;
				GCC_WARN_UNUSED_VARIABLE = YES;
				IPHONEOS_DEPLOYMENT_TARGET = 16.2;
				MTL_ENABLE_DEBUG_INFO = NO;
				MTL_FAST_MATH = YES;
				SDKROOT = iphoneos;
				SWIFT_COMPILATION_MODE = wholemodule;
				SWIFT_OPTIMIZATION_LEVEL = "-O";
				VALIDATE_PRODUCT = YES;
			};
			name = Release;
		};
		E66521B729A1377A00742D8A /* Debug */ = {
			isa = XCBuildConfiguration;
			buildSettings = {
				ASSETCATALOG_COMPILER_APPICON_NAME = AppIcon;
				ASSETCATALOG_COMPILER_GLOBAL_ACCENT_COLOR_NAME = AccentColor;
				CODE_SIGN_STYLE = Manual;
				CURRENT_PROJECT_VERSION = 1;
				DEVELOPMENT_TEAM = "";
				GENERATE_INFOPLIST_FILE = YES;
				INFOPLIST_FILE = MyWeather/Info.plist;
				INFOPLIST_KEY_NSLocationAlwaysAndWhenInUseUsageDescription = "App need your location.";
				INFOPLIST_KEY_NSLocationAlwaysUsageDescription = "We need to know your location to show the weather.";
				INFOPLIST_KEY_NSLocationWhenInUseUsageDescription = "We need to know your location to show the weather.";
				INFOPLIST_KEY_UIApplicationSupportsIndirectInputEvents = YES;
				INFOPLIST_KEY_UILaunchStoryboardName = LaunchScreen;
				INFOPLIST_KEY_UIMainStoryboardFile = Main;
				INFOPLIST_KEY_UIStatusBarStyle = UIStatusBarStyleLightContent;
				INFOPLIST_KEY_UISupportedInterfaceOrientations = UIInterfaceOrientationPortrait;
				INFOPLIST_KEY_UISupportedInterfaceOrientations_iPad = "UIInterfaceOrientationLandscapeLeft UIInterfaceOrientationLandscapeRight UIInterfaceOrientationPortrait UIInterfaceOrientationPortraitUpsideDown";
				INFOPLIST_KEY_UIUserInterfaceStyle = Light;
				IPHONEOS_DEPLOYMENT_TARGET = 16.0;
				LD_RUNPATH_SEARCH_PATHS = (
					"$(inherited)",
					"@executable_path/Frameworks",
				);
				MARKETING_VERSION = 1.0;
				PRODUCT_BUNDLE_IDENTIFIER = com.clarityworks.MyWeather;
				PRODUCT_NAME = "$(TARGET_NAME)";
				PROVISIONING_PROFILE_SPECIFIER = "";
				SUPPORTED_PLATFORMS = "iphoneos iphonesimulator";
				SUPPORTS_MACCATALYST = NO;
				SUPPORTS_MAC_DESIGNED_FOR_IPHONE_IPAD = NO;
				SWIFT_EMIT_LOC_STRINGS = YES;
				SWIFT_VERSION = 5.0;
				TARGETED_DEVICE_FAMILY = 1;
			};
			name = Debug;
		};
		E66521B829A1377A00742D8A /* Release */ = {
			isa = XCBuildConfiguration;
			buildSettings = {
				ASSETCATALOG_COMPILER_APPICON_NAME = AppIcon;
				ASSETCATALOG_COMPILER_GLOBAL_ACCENT_COLOR_NAME = AccentColor;
				CODE_SIGN_STYLE = Manual;
				CURRENT_PROJECT_VERSION = 1;
				DEVELOPMENT_TEAM = "";
				GENERATE_INFOPLIST_FILE = YES;
				INFOPLIST_FILE = MyWeather/Info.plist;
				INFOPLIST_KEY_NSLocationAlwaysAndWhenInUseUsageDescription = "App need your location.";
				INFOPLIST_KEY_NSLocationAlwaysUsageDescription = "We need to know your location to show the weather.";
				INFOPLIST_KEY_NSLocationWhenInUseUsageDescription = "We need to know your location to show the weather.";
				INFOPLIST_KEY_UIApplicationSupportsIndirectInputEvents = YES;
				INFOPLIST_KEY_UILaunchStoryboardName = LaunchScreen;
				INFOPLIST_KEY_UIMainStoryboardFile = Main;
				INFOPLIST_KEY_UIStatusBarStyle = UIStatusBarStyleLightContent;
				INFOPLIST_KEY_UISupportedInterfaceOrientations = UIInterfaceOrientationPortrait;
				INFOPLIST_KEY_UISupportedInterfaceOrientations_iPad = "UIInterfaceOrientationLandscapeLeft UIInterfaceOrientationLandscapeRight UIInterfaceOrientationPortrait UIInterfaceOrientationPortraitUpsideDown";
				INFOPLIST_KEY_UIUserInterfaceStyle = Light;
				IPHONEOS_DEPLOYMENT_TARGET = 16.0;
				LD_RUNPATH_SEARCH_PATHS = (
					"$(inherited)",
					"@executable_path/Frameworks",
				);
				MARKETING_VERSION = 1.0;
				PRODUCT_BUNDLE_IDENTIFIER = com.clarityworks.MyWeather;
				PRODUCT_NAME = "$(TARGET_NAME)";
				PROVISIONING_PROFILE_SPECIFIER = "";
				SUPPORTED_PLATFORMS = "iphoneos iphonesimulator";
				SUPPORTS_MACCATALYST = NO;
				SUPPORTS_MAC_DESIGNED_FOR_IPHONE_IPAD = NO;
				SWIFT_EMIT_LOC_STRINGS = YES;
				SWIFT_VERSION = 5.0;
				TARGETED_DEVICE_FAMILY = 1;
			};
			name = Release;
		};
/* End XCBuildConfiguration section */

/* Begin XCConfigurationList section */
		E665219D29A1377900742D8A /* Build configuration list for PBXProject "MyWeather" */ = {
			isa = XCConfigurationList;
			buildConfigurations = (
				E66521B429A1377A00742D8A /* Debug */,
				E66521B529A1377A00742D8A /* Release */,
			);
			defaultConfigurationIsVisible = 0;
			defaultConfigurationName = Release;
		};
		E66521B629A1377A00742D8A /* Build configuration list for PBXNativeTarget "MyWeather" */ = {
			isa = XCConfigurationList;
			buildConfigurations = (
				E66521B729A1377A00742D8A /* Debug */,
				E66521B829A1377A00742D8A /* Release */,
			);
			defaultConfigurationIsVisible = 0;
			defaultConfigurationName = Release;
		};
/* End XCConfigurationList section */
	};
	rootObject = E665219A29A1377900742D8A /* Project object */;
}
